
Microsoft Visual Studio Solution File, Format Version 12.00
# Visual Studio Version 17
VisualStudioVersion = 17.10.35013.160
MinimumVisualStudioVersion = 10.0.40219.1
Project("{2150E333-8FDC-42A3-9474-1A3956D46DE8}") = "FrontEnd", "FrontEnd", "{EF6635FC-86B4-4010-AE30-612C21FFD962}"
EndProject
Project("{2150E333-8FDC-42A3-9474-1A3956D46DE8}") = "Gateway", "Gateway", "{6FF3F75B-FF53-4255-85AD-2F48503E69BF}"
EndProject
Project("{2150E333-8FDC-42A3-9474-1A3956D46DE8}") = "Integration", "Integration", "{5FAEA788-3C55-4201-A4DC-B3BD68F9A6D4}"
EndProject
Project("{2150E333-8FDC-42A3-9474-1A3956D46DE8}") = "Services", "Services", "{96ADB587-1CAF-46D3-96AE-5E574204C7EA}"
EndProject
Project("{9A19103F-16F7-4668-BE54-9A1E7A4F7556}") = "Mongo.Web", "Mongo.Web\Mongo.Web.csproj", "{C5C434B3-8A1C-48FB-8A09-AD47887A6DF9}"
EndProject
Project("{2150E333-8FDC-42A3-9474-1A3956D46DE8}") = "Drafts", "Drafts", "{68CDE2D1-B38D-45E9-BCB8-B5ABBFF2A466}"
	ProjectSection(SolutionItems) = preProject
		accountDemos.txt = accountDemos.txt
	EndProjectSection
EndProject
Project("{9A19103F-16F7-4668-BE54-9A1E7A4F7556}") = "Mango.Services.ShoppingCartAPI", "Mango.Services.ShoppingCart\Mango.Services.ShoppingCartAPI.csproj", "{98050F1F-F44E-4202-8F50-E536FEDF1E5A}"
EndProject
Project("{9A19103F-16F7-4668-BE54-9A1E7A4F7556}") = "Mango.ServiceBusClient", "Mango.ServiceBusClient\Mango.ServiceBusClient.csproj", "{40F40486-0CC9-48A0-8CE0-30EEC6CA4400}"
EndProject
Project("{9A19103F-16F7-4668-BE54-9A1E7A4F7556}") = "Mango.Services.EmailApi", "Mango.Services.EmailApi\Mango.Services.EmailApi.csproj", "{8CA9CC64-5BE8-4375-96EC-50E7FBD42751}"
EndProject
Project("{9A19103F-16F7-4668-BE54-9A1E7A4F7556}") = "Mango.Services.RewardsApi", "Mango.Services.RewardsApi\Mango.Services.RewardsApi.csproj", "{30F1F7DA-920C-4B3E-92B7-52E1BA02FE48}"
EndProject
Project("{9A19103F-16F7-4668-BE54-9A1E7A4F7556}") = "Mango.Services.OrderAPI", "Mango.Services.OrderAPI\Mango.Services.OrderAPI.csproj", "{5AC0920E-4B64-43E8-951F-01C5F78E7B91}"
EndProject
Project("{2150E333-8FDC-42A3-9474-1A3956D46DE8}") = "Mango.Services.Auth", "Mango.Services.Auth", "{891CF902-E9AA-494F-82C4-BDBACCB2074C}"
EndProject
Project("{2150E333-8FDC-42A3-9474-1A3956D46DE8}") = "Mango.Services.Rewards", "Mango.Services.Rewards", "{40496351-8228-4714-90FC-336830522EE9}"
EndProject
Project("{2150E333-8FDC-42A3-9474-1A3956D46DE8}") = "Mango.Services.Coupon", "Mango.Services.Coupon", "{B49C3962-664F-4D8E-90F7-75E088F1AE82}"
EndProject
Project("{2150E333-8FDC-42A3-9474-1A3956D46DE8}") = "Mango.Services.Product", "Mango.Services.Product", "{AC230910-CDEC-4AEE-9AC2-CC8BC4D6D913}"
EndProject
Project("{2150E333-8FDC-42A3-9474-1A3956D46DE8}") = "Mango.Services.Order", "Mango.Services.Order", "{0A756631-9AEA-4D31-BCE6-A3D3E0DDE3D6}"
EndProject
Project("{2150E333-8FDC-42A3-9474-1A3956D46DE8}") = "Mango.Services.Email", "Mango.Services.Email", "{6FC8E486-C16D-4B11-8666-B164760CE81D}"
EndProject
Project("{2150E333-8FDC-42A3-9474-1A3956D46DE8}") = "Mango.Services.ShoppingCart", "Mango.Services.ShoppingCart", "{646642EB-1A98-471F-981B-E3765D5786A5}"
EndProject
Project("{9A19103F-16F7-4668-BE54-9A1E7A4F7556}") = "Mango.Services.JwtConfigurations", "Mango.Services.JwtConfigurations\Mango.Services.JwtConfigurations.csproj", "{2359DE2A-CE31-45DA-AAE0-4F4C669A3FBE}"
EndProject
Project("{9A19103F-16F7-4668-BE54-9A1E7A4F7556}") = "Mango.Gateway2", "Mango.Gateway2\Mango.Gateway2.csproj", "{68294217-F27F-4223-B659-D30ED4B826F2}"
EndProject
Global
	GlobalSection(SolutionConfigurationPlatforms) = preSolution
		Debug|Any CPU = Debug|Any CPU
		Release|Any CPU = Release|Any CPU
	EndGlobalSection
	GlobalSection(ProjectConfigurationPlatforms) = postSolution
		{C5C434B3-8A1C-48FB-8A09-AD47887A6DF9}.Debug|Any CPU.ActiveCfg = Debug|Any CPU
		{C5C434B3-8A1C-48FB-8A09-AD47887A6DF9}.Debug|Any CPU.Build.0 = Debug|Any CPU
		{C5C434B3-8A1C-48FB-8A09-AD47887A6DF9}.Release|Any CPU.ActiveCfg = Release|Any CPU
		{C5C434B3-8A1C-48FB-8A09-AD47887A6DF9}.Release|Any CPU.Build.0 = Release|Any CPU
		{98050F1F-F44E-4202-8F50-E536FEDF1E5A}.Debug|Any CPU.ActiveCfg = Debug|Any CPU
		{98050F1F-F44E-4202-8F50-E536FEDF1E5A}.Debug|Any CPU.Build.0 = Debug|Any CPU
		{98050F1F-F44E-4202-8F50-E536FEDF1E5A}.Release|Any CPU.ActiveCfg = Release|Any CPU
		{98050F1F-F44E-4202-8F50-E536FEDF1E5A}.Release|Any CPU.Build.0 = Release|Any CPU
		{40F40486-0CC9-48A0-8CE0-30EEC6CA4400}.Debug|Any CPU.ActiveCfg = Debug|Any CPU
		{40F40486-0CC9-48A0-8CE0-30EEC6CA4400}.Debug|Any CPU.Build.0 = Debug|Any CPU
		{40F40486-0CC9-48A0-8CE0-30EEC6CA4400}.Release|Any CPU.ActiveCfg = Release|Any CPU
		{40F40486-0CC9-48A0-8CE0-30EEC6CA4400}.Release|Any CPU.Build.0 = Release|Any CPU
		{8CA9CC64-5BE8-4375-96EC-50E7FBD42751}.Debug|Any CPU.ActiveCfg = Debug|Any CPU
		{8CA9CC64-5BE8-4375-96EC-50E7FBD42751}.Debug|Any CPU.Build.0 = Debug|Any CPU
		{8CA9CC64-5BE8-4375-96EC-50E7FBD42751}.Release|Any CPU.ActiveCfg = Release|Any CPU
		{8CA9CC64-5BE8-4375-96EC-50E7FBD42751}.Release|Any CPU.Build.0 = Release|Any CPU
		{30F1F7DA-920C-4B3E-92B7-52E1BA02FE48}.Debug|Any CPU.ActiveCfg = Debug|Any CPU
		{30F1F7DA-920C-4B3E-92B7-52E1BA02FE48}.Debug|Any CPU.Build.0 = Debug|Any CPU
		{30F1F7DA-920C-4B3E-92B7-52E1BA02FE48}.Release|Any CPU.ActiveCfg = Release|Any CPU
		{30F1F7DA-920C-4B3E-92B7-52E1BA02FE48}.Release|Any CPU.Build.0 = Release|Any CPU
		{5AC0920E-4B64-43E8-951F-01C5F78E7B91}.Debug|Any CPU.ActiveCfg = Debug|Any CPU
		{5AC0920E-4B64-43E8-951F-01C5F78E7B91}.Debug|Any CPU.Build.0 = Debug|Any CPU
		{5AC0920E-4B64-43E8-951F-01C5F78E7B91}.Release|Any CPU.ActiveCfg = Release|Any CPU
		{5AC0920E-4B64-43E8-951F-01C5F78E7B91}.Release|Any CPU.Build.0 = Release|Any CPU
		{2359DE2A-CE31-45DA-AAE0-4F4C669A3FBE}.Debug|Any CPU.ActiveCfg = Debug|Any CPU
		{2359DE2A-CE31-45DA-AAE0-4F4C669A3FBE}.Debug|Any CPU.Build.0 = Debug|Any CPU
		{2359DE2A-CE31-45DA-AAE0-4F4C669A3FBE}.Release|Any CPU.ActiveCfg = Release|Any CPU
		{2359DE2A-CE31-45DA-AAE0-4F4C669A3FBE}.Release|Any CPU.Build.0 = Release|Any CPU
		{68294217-F27F-4223-B659-D30ED4B826F2}.Debug|Any CPU.ActiveCfg = Debug|Any CPU
		{68294217-F27F-4223-B659-D30ED4B826F2}.Debug|Any CPU.Build.0 = Debug|Any CPU
		{68294217-F27F-4223-B659-D30ED4B826F2}.Release|Any CPU.ActiveCfg = Release|Any CPU
		{68294217-F27F-4223-B659-D30ED4B826F2}.Release|Any CPU.Build.0 = Release|Any CPU
	EndGlobalSection
	GlobalSection(SolutionProperties) = preSolution
		HideSolutionNode = FALSE
	EndGlobalSection
	GlobalSection(NestedProjects) = preSolution
		{C5C434B3-8A1C-48FB-8A09-AD47887A6DF9} = {EF6635FC-86B4-4010-AE30-612C21FFD962}
		{98050F1F-F44E-4202-8F50-E536FEDF1E5A} = {646642EB-1A98-471F-981B-E3765D5786A5}
		{40F40486-0CC9-48A0-8CE0-30EEC6CA4400} = {5FAEA788-3C55-4201-A4DC-B3BD68F9A6D4}
		{8CA9CC64-5BE8-4375-96EC-50E7FBD42751} = {6FC8E486-C16D-4B11-8666-B164760CE81D}
		{30F1F7DA-920C-4B3E-92B7-52E1BA02FE48} = {40496351-8228-4714-90FC-336830522EE9}
		{5AC0920E-4B64-43E8-951F-01C5F78E7B91} = {0A756631-9AEA-4D31-BCE6-A3D3E0DDE3D6}
		{891CF902-E9AA-494F-82C4-BDBACCB2074C} = {96ADB587-1CAF-46D3-96AE-5E574204C7EA}
		{40496351-8228-4714-90FC-336830522EE9} = {96ADB587-1CAF-46D3-96AE-5E574204C7EA}
		{B49C3962-664F-4D8E-90F7-75E088F1AE82} = {96ADB587-1CAF-46D3-96AE-5E574204C7EA}
		{AC230910-CDEC-4AEE-9AC2-CC8BC4D6D913} = {96ADB587-1CAF-46D3-96AE-5E574204C7EA}
		{0A756631-9AEA-4D31-BCE6-A3D3E0DDE3D6} = {96ADB587-1CAF-46D3-96AE-5E574204C7EA}
		{6FC8E486-C16D-4B11-8666-B164760CE81D} = {96ADB587-1CAF-46D3-96AE-5E574204C7EA}
		{646642EB-1A98-471F-981B-E3765D5786A5} = {96ADB587-1CAF-46D3-96AE-5E574204C7EA}
		{2359DE2A-CE31-45DA-AAE0-4F4C669A3FBE} = {891CF902-E9AA-494F-82C4-BDBACCB2074C}
		{68294217-F27F-4223-B659-D30ED4B826F2} = {6FF3F75B-FF53-4255-85AD-2F48503E69BF}
	EndGlobalSection
	GlobalSection(ExtensibilityGlobals) = postSolution
		SolutionGuid = {977971C8-62A7-41D2-BBFB-59D49D2DD1FF}
	EndGlobalSection
EndGlobal
